
Microsoft Visual Studio Solution File, Format Version 12.00
# Visual Studio Version 17
VisualStudioVersion = 17.2.32519.379
MinimumVisualStudioVersion = 10.0.40219.1
Project("{FAE04EC0-301F-11D3-BF4B-00C04F79EFBC}") = "VDCleaner", "VDCleaner.csproj", "{53453417-547F-43E9-9251-439947E2976D}"
EndProject
Global
	GlobalSection(SolutionConfigurationPlatforms) = preSolution
		Debug|Any CPU = Debug|Any CPU
		Release|Any CPU = Release|Any CPU
	EndGlobalSection
	GlobalSection(ProjectConfigurationPlatforms) = postSolution
		{53453417-547F-43E9-9251-439947E2976D}.Debug|Any CPU.ActiveCfg = Debug|Any CPU
		{53453417-547F-43E9-9251-439947E2976D}.Debug|Any CPU.Build.0 = Debug|Any CPU
		{53453417-547F-43E9-9251-439947E2976D}.Release|Any CPU.ActiveCfg = Release|Any CPU
		{53453417-547F-43E9-9251-439947E2976D}.Release|Any CPU.Build.0 = Release|Any CPU
	EndGlobalSection
	GlobalSection(SolutionProperties) = preSolution
		HideSolutionNode = FALSE
	EndGlobalSection
	GlobalSection(ExtensibilityGlobals) = postSolution
		SolutionGuid = {08DD8F0A-1EB3-44B3-831C-8B9937E88BEC}
	EndGlobalSection
EndGlobal
